
Microsoft Visual Studio Solution File, Format Version 12.00
# Visual Studio 15
VisualStudioVersion = 15.0.27703.2047
MinimumVisualStudioVersion = 10.0.40219.1
Project("{FAE04EC0-301F-11D3-BF4B-00C04F79EFBC}") = "Project101", "Project101\Project101.csproj", "{32800541-E31F-4D38-8B79-DBD9358BC4EA}"
EndProject
Global
	GlobalSection(SolutionConfigurationPlatforms) = preSolution
		Debug|Any CPU = Debug|Any CPU
		Release|Any CPU = Release|Any CPU
	EndGlobalSection
	GlobalSection(ProjectConfigurationPlatforms) = postSolution
		{32800541-E31F-4D38-8B79-DBD9358BC4EA}.Debug|Any CPU.ActiveCfg = Debug|Any CPU
		{32800541-E31F-4D38-8B79-DBD9358BC4EA}.Debug|Any CPU.Build.0 = Debug|Any CPU
		{32800541-E31F-4D38-8B79-DBD9358BC4EA}.Release|Any CPU.ActiveCfg = Release|Any CPU
		{32800541-E31F-4D38-8B79-DBD9358BC4EA}.Release|Any CPU.Build.0 = Release|Any CPU
	EndGlobalSection
	GlobalSection(SolutionProperties) = preSolution
		HideSolutionNode = FALSE
	EndGlobalSection
	GlobalSection(ExtensibilityGlobals) = postSolution
		SolutionGuid = {3CC98E0C-7607-4433-818A-4E903FB748FB}
	EndGlobalSection
EndGlobal
